<?xml version="1.0" encoding="utf-8"?>
<Project ToolsVersion="4.0" xmlns="http://schemas.microsoft.com/developer/msbuild/2003">
  <ItemGroup>
    <Filter Include="system">
      <UniqueIdentifier>{22dd8095-74f9-46df-81a1-36675a040b1f}</UniqueIdentifier>
    </Filter>
  </ItemGroup>
  <ItemGroup>
    <ClCompile Include="stdafx.cpp" />
    <ClCompile Include="main.cpp" />
    <ClCompile Include="system\system.cpp">
      <Filter>system</Filter>
    </ClCompile>
    <ClCompile Include="Game.cpp" />
    <ClCompile Include="Player.cpp" />
    <ClCompile Include="GameCamera.cpp" />
    <ClCompile Include="Water.cpp" />
    <ClCompile Include="UI.cpp" />
    <ClCompile Include="Pengin.cpp" />
    <ClCompile Include="NinjaPengin.cpp" />
    <ClCompile Include="SilenPengin.cpp" />
    <ClCompile Include="Dummy.cpp" />
    <ClCompile Include="Title.cpp" />
    <ClCompile Include="GameOver.cpp" />
    <ClCompile Include="GameClear.cpp" />
    <ClCompile Include="Pause.cpp" />
    <ClCompile Include="Dummy3.cpp" />
    <ClCompile Include="Dummy5.cpp" />
    <ClCompile Include="Distance.cpp" />
    <ClCompile Include="Arrow.cpp" />
    <ClCompile Include="OptionManager.cpp" />
    <ClCompile Include="Item.cpp" />
    <ClCompile Include="Item2.cpp" />
  </ItemGroup>
  <ItemGroup>
    <ClInclude Include="stdafx.h" />
    <ClInclude Include="system\system.h">
      <Filter>system</Filter>
    </ClInclude>
    <ClInclude Include="Game.h" />
    <ClInclude Include="Player.h" />
    <ClInclude Include="GameCamera.h" />
    <ClInclude Include="Water.h" />
    <ClInclude Include="UI.h" />
    <ClInclude Include="Pengin.h" />
    <ClInclude Include="NinjaPengin.h" />
    <ClInclude Include="SilenPengin.h" />
    <ClInclude Include="Dummy.h" />
    <ClInclude Include="Title.h" />
    <ClInclude Include="GameOver.h" />
    <ClInclude Include="GameClear.h" />
    <ClInclude Include="Pause.h" />
    <ClInclude Include="Dummy3.h" />
    <ClInclude Include="Dummy5.h" />
    <ClInclude Include="Distance.h" />
    <ClInclude Include="Arrow.h" />
    <ClInclude Include="OptionManager.h" />
    <ClInclude Include="Item.h" />
    <ClInclude Include="Item2.h" />
  </ItemGroup>
</Project>